// !$*UTF8*$!
{
	archiveVersion = 1;
	classes = {
	};
	objectVersion = 50;
	objects = {

/* Begin PBXBuildFile section */
		B8A0EB912617940600A57562 /* AppDelegate.swift in Sources */ = {isa = PBXBuildFile; fileRef = B8A0EB902617940600A57562 /* AppDelegate.swift */; };
		B8A0EB932617940600A57562 /* SceneDelegate.swift in Sources */ = {isa = PBXBuildFile; fileRef = B8A0EB922617940600A57562 /* SceneDelegate.swift */; };
		B8A0EB982617940600A57562 /* Main.storyboard in Resources */ = {isa = PBXBuildFile; fileRef = B8A0EB962617940600A57562 /* Main.storyboard */; };
		B8A0EB9A2617940700A57562 /* Assets.xcassets in Resources */ = {isa = PBXBuildFile; fileRef = B8A0EB992617940700A57562 /* Assets.xcassets */; };
		B8A0EB9D2617940700A57562 /* LaunchScreen.storyboard in Resources */ = {isa = PBXBuildFile; fileRef = B8A0EB9B2617940700A57562 /* LaunchScreen.storyboard */; };
		B8A0EBA82617940700A57562 /* UnsplashTests.swift in Sources */ = {isa = PBXBuildFile; fileRef = B8A0EBA72617940700A57562 /* UnsplashTests.swift */; };
		B8A0EBB32617940700A57562 /* UnsplashUITests.swift in Sources */ = {isa = PBXBuildFile; fileRef = B8A0EBB22617940700A57562 /* UnsplashUITests.swift */; };
		B8A0EBDE2617967400A57562 /* ImageModel.swift in Sources */ = {isa = PBXBuildFile; fileRef = B8A0EBC92617967400A57562 /* ImageModel.swift */; };
		B8A0EBE02617967400A57562 /* HomeScreenPresenter.swift in Sources */ = {isa = PBXBuildFile; fileRef = B8A0EBCD2617967400A57562 /* HomeScreenPresenter.swift */; };
		B8A0EBE12617967400A57562 /* ImageColumnFlowLayout.swift in Sources */ = {isa = PBXBuildFile; fileRef = B8A0EBCF2617967400A57562 /* ImageColumnFlowLayout.swift */; };
		B8A0EBE52617967400A57562 /* HomeViewController.swift in Sources */ = {isa = PBXBuildFile; fileRef = B8A0EBD42617967400A57562 /* HomeViewController.swift */; };
		B8A0EBE92617967400A57562 /* HomeScreenProtocols.swift in Sources */ = {isa = PBXBuildFile; fileRef = B8A0EBD92617967400A57562 /* HomeScreenProtocols.swift */; };
		B8A0EBEA2617967400A57562 /* HomeScreenInteractor.swift in Sources */ = {isa = PBXBuildFile; fileRef = B8A0EBDB2617967400A57562 /* HomeScreenInteractor.swift */; };
		B8A0EBEB2617967400A57562 /* HomeScreenRouter.swift in Sources */ = {isa = PBXBuildFile; fileRef = B8A0EBDD2617967400A57562 /* HomeScreenRouter.swift */; };
		B8A0EBFE26179B1100A57562 /* AppConstants.swift in Sources */ = {isa = PBXBuildFile; fileRef = B8A0EBFD26179B1100A57562 /* AppConstants.swift */; };
		B8A0EC1626179DA900A57562 /* ImageCollectionViewCell.swift in Sources */ = {isa = PBXBuildFile; fileRef = B8A0EC1426179DA900A57562 /* ImageCollectionViewCell.swift */; };
		B8A0EC1726179DA900A57562 /* ImageCollectionViewCell.xib in Resources */ = {isa = PBXBuildFile; fileRef = B8A0EC1526179DA900A57562 /* ImageCollectionViewCell.xib */; };
		B8A0EC2026179E0D00A57562 /* SearchBarCollectionReusableView.xib in Resources */ = {isa = PBXBuildFile; fileRef = B8A0EC1E26179E0D00A57562 /* SearchBarCollectionReusableView.xib */; };
		B8A0EC2126179E0D00A57562 /* SearchBarCollectionReusableView.swift in Sources */ = {isa = PBXBuildFile; fileRef = B8A0EC1F26179E0D00A57562 /* SearchBarCollectionReusableView.swift */; };
		B8A0EC2C2617B05B00A57562 /* AppNavigationHandler.swift in Sources */ = {isa = PBXBuildFile; fileRef = B8A0EC2B2617B05B00A57562 /* AppNavigationHandler.swift */; };
		B8A0EC352617B49100A57562 /* WebserviceHelper.swift in Sources */ = {isa = PBXBuildFile; fileRef = B8A0EC342617B49100A57562 /* WebserviceHelper.swift */; };
		B8A0EC492617CFDC00A57562 /* ImageDownloadManager.swift in Sources */ = {isa = PBXBuildFile; fileRef = B8A0EC482617CFDC00A57562 /* ImageDownloadManager.swift */; };
		B8A0EC4E2617D1A800A57562 /* ImageTransitionController.swift in Sources */ = {isa = PBXBuildFile; fileRef = B8A0EC4D2617D1A800A57562 /* ImageTransitionController.swift */; };
		B8A0EC532617D4B900A57562 /* FullScreenImageViewController.swift in Sources */ = {isa = PBXBuildFile; fileRef = B8A0EC522617D4B900A57562 /* FullScreenImageViewController.swift */; };
		B8A0EC6726188C8400A57562 /* SearchResultsViewController.swift in Sources */ = {isa = PBXBuildFile; fileRef = B8A0EC5E26188C8300A57562 /* SearchResultsViewController.swift */; };
		B8A0EC8E2618BDEE00A57562 /* SearchResultModel.swift in Sources */ = {isa = PBXBuildFile; fileRef = B8A0EC8D2618BDEE00A57562 /* SearchResultModel.swift */; };
		B8A0ECA92618D29600A57562 /* FilterModel.swift in Sources */ = {isa = PBXBuildFile; fileRef = B8A0EC9A2618D29600A57562 /* FilterModel.swift */; };
		B8A0ECAA2618D29600A57562 /* AdvancedSearchModule.swift in Sources */ = {isa = PBXBuildFile; fileRef = B8A0EC9C2618D29600A57562 /* AdvancedSearchModule.swift */; };
		B8A0ECAB2618D29600A57562 /* AdvancedSearchPresenter.swift in Sources */ = {isa = PBXBuildFile; fileRef = B8A0EC9E2618D29600A57562 /* AdvancedSearchPresenter.swift */; };
		B8A0ECAC2618D29600A57562 /* FilterItemTableViewCell.xib in Resources */ = {isa = PBXBuildFile; fileRef = B8A0ECA02618D29600A57562 /* FilterItemTableViewCell.xib */; };
		B8A0ECAD2618D29600A57562 /* FilterItemTableViewCell.swift in Sources */ = {isa = PBXBuildFile; fileRef = B8A0ECA12618D29600A57562 /* FilterItemTableViewCell.swift */; };
		B8A0ECAE2618D29600A57562 /* AdvancedSearchViewController.swift in Sources */ = {isa = PBXBuildFile; fileRef = B8A0ECA22618D29600A57562 /* AdvancedSearchViewController.swift */; };
		B8A0ECAF2618D29600A57562 /* AdvancedSearchProtocols.swift in Sources */ = {isa = PBXBuildFile; fileRef = B8A0ECA42618D29600A57562 /* AdvancedSearchProtocols.swift */; };
		B8A0ECB02618D29600A57562 /* AdvancedSearchInteractor.swift in Sources */ = {isa = PBXBuildFile; fileRef = B8A0ECA62618D29600A57562 /* AdvancedSearchInteractor.swift */; };
		B8A0ECB12618D29600A57562 /* AdvancedSearchRouter.swift in Sources */ = {isa = PBXBuildFile; fileRef = B8A0ECA82618D29600A57562 /* AdvancedSearchRouter.swift */; };
		B8A0ECC62619CB8A00A57562 /* Extensions.swift in Sources */ = {isa = PBXBuildFile; fileRef = B8A0ECC52619CB8A00A57562 /* Extensions.swift */; };
		B8A0ECDF2619EBDD00A57562 /* GridImagesViewController.swift in Sources */ = {isa = PBXBuildFile; fileRef = B8A0ECDE2619EBDD00A57562 /* GridImagesViewController.swift */; };
		B8A0ECE72619ED3500A57562 /* GridImageesViewProtocol.swift in Sources */ = {isa = PBXBuildFile; fileRef = B8A0ECE62619ED3500A57562 /* GridImageesViewProtocol.swift */; };
		B8A0ECEF261A04E300A57562 /* SearchResultScreenProtocols.swift in Sources */ = {isa = PBXBuildFile; fileRef = B8A0ECEE261A04E300A57562 /* SearchResultScreenProtocols.swift */; };
		B8A0ECF7261A062900A57562 /* SearchResultRouter.swift in Sources */ = {isa = PBXBuildFile; fileRef = B8A0ECF6261A062900A57562 /* SearchResultRouter.swift */; };
		B8A0ECFC261A07F800A57562 /* SearchResultInteractor.swift in Sources */ = {isa = PBXBuildFile; fileRef = B8A0ECFB261A07F800A57562 /* SearchResultInteractor.swift */; };
		B8A0ED02261A093300A57562 /* SearchResultPresenter.swift in Sources */ = {isa = PBXBuildFile; fileRef = B8A0ED01261A093300A57562 /* SearchResultPresenter.swift */; };
/* End PBXBuildFile section */

/* Begin PBXContainerItemProxy section */
		B8A0EBA42617940700A57562 /* PBXContainerItemProxy */ = {
			isa = PBXContainerItemProxy;
			containerPortal = B8A0EB852617940600A57562 /* Project object */;
			proxyType = 1;
			remoteGlobalIDString = B8A0EB8C2617940600A57562;
			remoteInfo = Unsplash;
		};
		B8A0EBAF2617940700A57562 /* PBXContainerItemProxy */ = {
			isa = PBXContainerItemProxy;
			containerPortal = B8A0EB852617940600A57562 /* Project object */;
			proxyType = 1;
			remoteGlobalIDString = B8A0EB8C2617940600A57562;
			remoteInfo = Unsplash;
		};
/* End PBXContainerItemProxy section */

/* Begin PBXFileReference section */
		B8A0EB8D2617940600A57562 /* Unsplash.app */ = {isa = PBXFileReference; explicitFileType = wrapper.application; includeInIndex = 0; path = Unsplash.app; sourceTree = BUILT_PRODUCTS_DIR; };
		B8A0EB902617940600A57562 /* AppDelegate.swift */ = {isa = PBXFileReference; lastKnownFileType = sourcecode.swift; path = AppDelegate.swift; sourceTree = "<group>"; };
		B8A0EB922617940600A57562 /* SceneDelegate.swift */ = {isa = PBXFileReference; lastKnownFileType = sourcecode.swift; path = SceneDelegate.swift; sourceTree = "<group>"; };
		B8A0EB972617940600A57562 /* Base */ = {isa = PBXFileReference; lastKnownFileType = file.storyboard; name = Base; path = Base.lproj/Main.storyboard; sourceTree = "<group>"; };
		B8A0EB992617940700A57562 /* Assets.xcassets */ = {isa = PBXFileReference; lastKnownFileType = folder.assetcatalog; path = Assets.xcassets; sourceTree = "<group>"; };
		B8A0EB9C2617940700A57562 /* Base */ = {isa = PBXFileReference; lastKnownFileType = file.storyboard; name = Base; path = Base.lproj/LaunchScreen.storyboard; sourceTree = "<group>"; };
		B8A0EB9E2617940700A57562 /* Info.plist */ = {isa = PBXFileReference; lastKnownFileType = text.plist.xml; path = Info.plist; sourceTree = "<group>"; };
		B8A0EBA32617940700A57562 /* UnsplashTests.xctest */ = {isa = PBXFileReference; explicitFileType = wrapper.cfbundle; includeInIndex = 0; path = UnsplashTests.xctest; sourceTree = BUILT_PRODUCTS_DIR; };
		B8A0EBA72617940700A57562 /* UnsplashTests.swift */ = {isa = PBXFileReference; lastKnownFileType = sourcecode.swift; path = UnsplashTests.swift; sourceTree = "<group>"; };
		B8A0EBA92617940700A57562 /* Info.plist */ = {isa = PBXFileReference; lastKnownFileType = text.plist.xml; path = Info.plist; sourceTree = "<group>"; };
		B8A0EBAE2617940700A57562 /* UnsplashUITests.xctest */ = {isa = PBXFileReference; explicitFileType = wrapper.cfbundle; includeInIndex = 0; path = UnsplashUITests.xctest; sourceTree = BUILT_PRODUCTS_DIR; };
		B8A0EBB22617940700A57562 /* UnsplashUITests.swift */ = {isa = PBXFileReference; lastKnownFileType = sourcecode.swift; path = UnsplashUITests.swift; sourceTree = "<group>"; };
		B8A0EBB42617940700A57562 /* Info.plist */ = {isa = PBXFileReference; lastKnownFileType = text.plist.xml; path = Info.plist; sourceTree = "<group>"; };
		B8A0EBC92617967400A57562 /* ImageModel.swift */ = {isa = PBXFileReference; fileEncoding = 4; lastKnownFileType = sourcecode.swift; path = ImageModel.swift; sourceTree = "<group>"; };
		B8A0EBCD2617967400A57562 /* HomeScreenPresenter.swift */ = {isa = PBXFileReference; fileEncoding = 4; lastKnownFileType = sourcecode.swift; path = HomeScreenPresenter.swift; sourceTree = "<group>"; };
		B8A0EBCF2617967400A57562 /* ImageColumnFlowLayout.swift */ = {isa = PBXFileReference; fileEncoding = 4; lastKnownFileType = sourcecode.swift; path = ImageColumnFlowLayout.swift; sourceTree = "<group>"; };
		B8A0EBD42617967400A57562 /* HomeViewController.swift */ = {isa = PBXFileReference; fileEncoding = 4; lastKnownFileType = sourcecode.swift; path = HomeViewController.swift; sourceTree = "<group>"; };
		B8A0EBD92617967400A57562 /* HomeScreenProtocols.swift */ = {isa = PBXFileReference; fileEncoding = 4; lastKnownFileType = sourcecode.swift; path = HomeScreenProtocols.swift; sourceTree = "<group>"; };
		B8A0EBDB2617967400A57562 /* HomeScreenInteractor.swift */ = {isa = PBXFileReference; fileEncoding = 4; lastKnownFileType = sourcecode.swift; path = HomeScreenInteractor.swift; sourceTree = "<group>"; };
		B8A0EBDD2617967400A57562 /* HomeScreenRouter.swift */ = {isa = PBXFileReference; fileEncoding = 4; lastKnownFileType = sourcecode.swift; path = HomeScreenRouter.swift; sourceTree = "<group>"; };
		B8A0EBFD26179B1100A57562 /* AppConstants.swift */ = {isa = PBXFileReference; lastKnownFileType = sourcecode.swift; path = AppConstants.swift; sourceTree = "<group>"; };
		B8A0EC1426179DA900A57562 /* ImageCollectionViewCell.swift */ = {isa = PBXFileReference; fileEncoding = 4; lastKnownFileType = sourcecode.swift; path = ImageCollectionViewCell.swift; sourceTree = "<group>"; };
		B8A0EC1526179DA900A57562 /* ImageCollectionViewCell.xib */ = {isa = PBXFileReference; fileEncoding = 4; lastKnownFileType = file.xib; path = ImageCollectionViewCell.xib; sourceTree = "<group>"; };
		B8A0EC1E26179E0D00A57562 /* SearchBarCollectionReusableView.xib */ = {isa = PBXFileReference; fileEncoding = 4; lastKnownFileType = file.xib; path = SearchBarCollectionReusableView.xib; sourceTree = "<group>"; };
		B8A0EC1F26179E0D00A57562 /* SearchBarCollectionReusableView.swift */ = {isa = PBXFileReference; fileEncoding = 4; lastKnownFileType = sourcecode.swift; path = SearchBarCollectionReusableView.swift; sourceTree = "<group>"; };
		B8A0EC2B2617B05B00A57562 /* AppNavigationHandler.swift */ = {isa = PBXFileReference; lastKnownFileType = sourcecode.swift; path = AppNavigationHandler.swift; sourceTree = "<group>"; };
		B8A0EC342617B49100A57562 /* WebserviceHelper.swift */ = {isa = PBXFileReference; lastKnownFileType = sourcecode.swift; path = WebserviceHelper.swift; sourceTree = "<group>"; };
		B8A0EC482617CFDC00A57562 /* ImageDownloadManager.swift */ = {isa = PBXFileReference; fileEncoding = 4; lastKnownFileType = sourcecode.swift; path = ImageDownloadManager.swift; sourceTree = "<group>"; };
		B8A0EC4D2617D1A800A57562 /* ImageTransitionController.swift */ = {isa = PBXFileReference; fileEncoding = 4; lastKnownFileType = sourcecode.swift; path = ImageTransitionController.swift; sourceTree = "<group>"; };
		B8A0EC522617D4B900A57562 /* FullScreenImageViewController.swift */ = {isa = PBXFileReference; fileEncoding = 4; lastKnownFileType = sourcecode.swift; path = FullScreenImageViewController.swift; sourceTree = "<group>"; };
		B8A0EC5E26188C8300A57562 /* SearchResultsViewController.swift */ = {isa = PBXFileReference; fileEncoding = 4; lastKnownFileType = sourcecode.swift; path = SearchResultsViewController.swift; sourceTree = "<group>"; };
		B8A0EC8D2618BDEE00A57562 /* SearchResultModel.swift */ = {isa = PBXFileReference; lastKnownFileType = sourcecode.swift; path = SearchResultModel.swift; sourceTree = "<group>"; };
		B8A0EC9A2618D29600A57562 /* FilterModel.swift */ = {isa = PBXFileReference; fileEncoding = 4; lastKnownFileType = sourcecode.swift; path = FilterModel.swift; sourceTree = "<group>"; };
		B8A0EC9C2618D29600A57562 /* AdvancedSearchModule.swift */ = {isa = PBXFileReference; fileEncoding = 4; lastKnownFileType = sourcecode.swift; path = AdvancedSearchModule.swift; sourceTree = "<group>"; };
		B8A0EC9E2618D29600A57562 /* AdvancedSearchPresenter.swift */ = {isa = PBXFileReference; fileEncoding = 4; lastKnownFileType = sourcecode.swift; path = AdvancedSearchPresenter.swift; sourceTree = "<group>"; };
		B8A0ECA02618D29600A57562 /* FilterItemTableViewCell.xib */ = {isa = PBXFileReference; fileEncoding = 4; lastKnownFileType = file.xib; path = FilterItemTableViewCell.xib; sourceTree = "<group>"; };
		B8A0ECA12618D29600A57562 /* FilterItemTableViewCell.swift */ = {isa = PBXFileReference; fileEncoding = 4; lastKnownFileType = sourcecode.swift; path = FilterItemTableViewCell.swift; sourceTree = "<group>"; };
		B8A0ECA22618D29600A57562 /* AdvancedSearchViewController.swift */ = {isa = PBXFileReference; fileEncoding = 4; lastKnownFileType = sourcecode.swift; path = AdvancedSearchViewController.swift; sourceTree = "<group>"; };
		B8A0ECA42618D29600A57562 /* AdvancedSearchProtocols.swift */ = {isa = PBXFileReference; fileEncoding = 4; lastKnownFileType = sourcecode.swift; path = AdvancedSearchProtocols.swift; sourceTree = "<group>"; };
		B8A0ECA62618D29600A57562 /* AdvancedSearchInteractor.swift */ = {isa = PBXFileReference; fileEncoding = 4; lastKnownFileType = sourcecode.swift; path = AdvancedSearchInteractor.swift; sourceTree = "<group>"; };
		B8A0ECA82618D29600A57562 /* AdvancedSearchRouter.swift */ = {isa = PBXFileReference; fileEncoding = 4; lastKnownFileType = sourcecode.swift; path = AdvancedSearchRouter.swift; sourceTree = "<group>"; };
		B8A0ECC52619CB8A00A57562 /* Extensions.swift */ = {isa = PBXFileReference; lastKnownFileType = sourcecode.swift; path = Extensions.swift; sourceTree = "<group>"; };
		B8A0ECDE2619EBDD00A57562 /* GridImagesViewController.swift */ = {isa = PBXFileReference; lastKnownFileType = sourcecode.swift; path = GridImagesViewController.swift; sourceTree = "<group>"; };
		B8A0ECE62619ED3500A57562 /* GridImageesViewProtocol.swift */ = {isa = PBXFileReference; lastKnownFileType = sourcecode.swift; path = GridImageesViewProtocol.swift; sourceTree = "<group>"; };
		B8A0ECEE261A04E300A57562 /* SearchResultScreenProtocols.swift */ = {isa = PBXFileReference; lastKnownFileType = sourcecode.swift; path = SearchResultScreenProtocols.swift; sourceTree = "<group>"; };
		B8A0ECF6261A062900A57562 /* SearchResultRouter.swift */ = {isa = PBXFileReference; lastKnownFileType = sourcecode.swift; path = SearchResultRouter.swift; sourceTree = "<group>"; };
		B8A0ECFB261A07F800A57562 /* SearchResultInteractor.swift */ = {isa = PBXFileReference; lastKnownFileType = sourcecode.swift; path = SearchResultInteractor.swift; sourceTree = "<group>"; };
		B8A0ED01261A093300A57562 /* SearchResultPresenter.swift */ = {isa = PBXFileReference; lastKnownFileType = sourcecode.swift; path = SearchResultPresenter.swift; sourceTree = "<group>"; };
/* End PBXFileReference section */

/* Begin PBXFrameworksBuildPhase section */
		B8A0EB8A2617940600A57562 /* Frameworks */ = {
			isa = PBXFrameworksBuildPhase;
			buildActionMask = 2147483647;
			files = (
			);
			runOnlyForDeploymentPostprocessing = 0;
		};
		B8A0EBA02617940700A57562 /* Frameworks */ = {
			isa = PBXFrameworksBuildPhase;
			buildActionMask = 2147483647;
			files = (
			);
			runOnlyForDeploymentPostprocessing = 0;
		};
		B8A0EBAB2617940700A57562 /* Frameworks */ = {
			isa = PBXFrameworksBuildPhase;
			buildActionMask = 2147483647;
			files = (
			);
			runOnlyForDeploymentPostprocessing = 0;
		};
/* End PBXFrameworksBuildPhase section */

/* Begin PBXGroup section */
		B8A0EB842617940600A57562 = {
			isa = PBXGroup;
			children = (
				B8A0EB8F2617940600A57562 /* Unsplash */,
				B8A0EBA62617940700A57562 /* UnsplashTests */,
				B8A0EBB12617940700A57562 /* UnsplashUITests */,
				B8A0EB8E2617940600A57562 /* Products */,
			);
			sourceTree = "<group>";
		};
		B8A0EB8E2617940600A57562 /* Products */ = {
			isa = PBXGroup;
			children = (
				B8A0EB8D2617940600A57562 /* Unsplash.app */,
				B8A0EBA32617940700A57562 /* UnsplashTests.xctest */,
				B8A0EBAE2617940700A57562 /* UnsplashUITests.xctest */,
			);
			name = Products;
			sourceTree = "<group>";
		};
		B8A0EB8F2617940600A57562 /* Unsplash */ = {
			isa = PBXGroup;
			children = (
				B8A0ECDD2619EBA400A57562 /* BaseGridView */,
				B8A0EBC72617967400A57562 /* HomeScreen */,
				B8A0EC5726188C8300A57562 /* SearchResultScreen */,
				B8A0EC982618D29600A57562 /* AdvancedSearchScreen */,
				B8A0EBFB26179ADB00A57562 /* Storyboard */,
				B8A0EBFC26179AEA00A57562 /* Common */,
				B8A0EC0226179B8300A57562 /* AppDelegate */,
				B8A0EB992617940700A57562 /* Assets.xcassets */,
				B8A0EB9E2617940700A57562 /* Info.plist */,
			);
			path = Unsplash;
			sourceTree = "<group>";
		};
		B8A0EBA62617940700A57562 /* UnsplashTests */ = {
			isa = PBXGroup;
			children = (
				B8A0EBA72617940700A57562 /* UnsplashTests.swift */,
				B8A0EBA92617940700A57562 /* Info.plist */,
			);
			path = UnsplashTests;
			sourceTree = "<group>";
		};
		B8A0EBB12617940700A57562 /* UnsplashUITests */ = {
			isa = PBXGroup;
			children = (
				B8A0EBB22617940700A57562 /* UnsplashUITests.swift */,
				B8A0EBB42617940700A57562 /* Info.plist */,
			);
			path = UnsplashUITests;
			sourceTree = "<group>";
		};
		B8A0EBC72617967400A57562 /* HomeScreen */ = {
			isa = PBXGroup;
			children = (
				B8A0EBCE2617967400A57562 /* Views */,
				B8A0EBDA2617967400A57562 /* Interactor */,
				B8A0EBCC2617967400A57562 /* Presenter */,
				B8A0EBC82617967400A57562 /* Entity */,
				B8A0EBDC2617967400A57562 /* Router */,
				B8A0EBD82617967400A57562 /* Protocols */,
			);
			path = HomeScreen;
			sourceTree = "<group>";
		};
		B8A0EBC82617967400A57562 /* Entity */ = {
			isa = PBXGroup;
			children = (
				B8A0EBC92617967400A57562 /* ImageModel.swift */,
			);
			path = Entity;
			sourceTree = "<group>";
		};
		B8A0EBCC2617967400A57562 /* Presenter */ = {
			isa = PBXGroup;
			children = (
				B8A0EBCD2617967400A57562 /* HomeScreenPresenter.swift */,
			);
			path = Presenter;
			sourceTree = "<group>";
		};
		B8A0EBCE2617967400A57562 /* Views */ = {
			isa = PBXGroup;
			children = (
				B8A0EBD42617967400A57562 /* HomeViewController.swift */,
				B8A0EC0926179D7100A57562 /* Cells */,
			);
			path = Views;
			sourceTree = "<group>";
		};
		B8A0EBD82617967400A57562 /* Protocols */ = {
			isa = PBXGroup;
			children = (
				B8A0EBD92617967400A57562 /* HomeScreenProtocols.swift */,
			);
			path = Protocols;
			sourceTree = "<group>";
		};
		B8A0EBDA2617967400A57562 /* Interactor */ = {
			isa = PBXGroup;
			children = (
				B8A0EBDB2617967400A57562 /* HomeScreenInteractor.swift */,
			);
			path = Interactor;
			sourceTree = "<group>";
		};
		B8A0EBDC2617967400A57562 /* Router */ = {
			isa = PBXGroup;
			children = (
				B8A0EBDD2617967400A57562 /* HomeScreenRouter.swift */,
			);
			path = Router;
			sourceTree = "<group>";
		};
		B8A0EBFB26179ADB00A57562 /* Storyboard */ = {
			isa = PBXGroup;
			children = (
				B8A0EB962617940600A57562 /* Main.storyboard */,
				B8A0EB9B2617940700A57562 /* LaunchScreen.storyboard */,
			);
			path = Storyboard;
			sourceTree = "<group>";
		};
		B8A0EBFC26179AEA00A57562 /* Common */ = {
			isa = PBXGroup;
			children = (
				B8A0ECD02619CC2C00A57562 /* AppExtensions */,
				B8A0ECCE2619CC0D00A57562 /* CollectionViewFlowLayouts */,
				B8A0ECCD2619CBF100A57562 /* ImageDownloader */,
				B8A0ECCC2619CBDC00A57562 /* ImageTransition */,
				B8A0ECCB2619CBCA00A57562 /* FullScreenImageController */,
				B8A0ECCA2619CBBF00A57562 /* AppRouter */,
				B8A0EC462617CF8200A57562 /* Constants */,
				B8A0EC452617CF7200A57562 /* ReusableViews */,
				B8A0EC412617C8C300A57562 /* Webservice */,
			);
			path = Common;
			sourceTree = "<group>";
		};
		B8A0EC0226179B8300A57562 /* AppDelegate */ = {
			isa = PBXGroup;
			children = (
				B8A0EB902617940600A57562 /* AppDelegate.swift */,
				B8A0EB922617940600A57562 /* SceneDelegate.swift */,
			);
			path = AppDelegate;
			sourceTree = "<group>";
		};
		B8A0EC0926179D7100A57562 /* Cells */ = {
			isa = PBXGroup;
			children = (
				B8A0EC1426179DA900A57562 /* ImageCollectionViewCell.swift */,
				B8A0EC1526179DA900A57562 /* ImageCollectionViewCell.xib */,
			);
			path = Cells;
			sourceTree = "<group>";
		};
		B8A0EC412617C8C300A57562 /* Webservice */ = {
			isa = PBXGroup;
			children = (
				B8A0EC342617B49100A57562 /* WebserviceHelper.swift */,
			);
			path = Webservice;
			sourceTree = "<group>";
		};
		B8A0EC452617CF7200A57562 /* ReusableViews */ = {
			isa = PBXGroup;
			children = (
				B8A0EC1F26179E0D00A57562 /* SearchBarCollectionReusableView.swift */,
				B8A0EC1E26179E0D00A57562 /* SearchBarCollectionReusableView.xib */,
			);
			path = ReusableViews;
			sourceTree = "<group>";
		};
		B8A0EC462617CF8200A57562 /* Constants */ = {
			isa = PBXGroup;
			children = (
				B8A0EBFD26179B1100A57562 /* AppConstants.swift */,
			);
			path = Constants;
			sourceTree = "<group>";
		};
		B8A0EC5726188C8300A57562 /* SearchResultScreen */ = {
			isa = PBXGroup;
			children = (
				B8A0EC5D26188C8300A57562 /* Views */,
				B8A0ECED261A04BC00A57562 /* Interactor */,
				B8A0ED00261A092300A57562 /* Presenter */,
				B8A0EC8C2618BDE100A57562 /* Entity */,
				B8A0ECEC261A04B400A57562 /* Router */,
				B8A0ECEB261A04AD00A57562 /* Protocols */,
			);
			path = SearchResultScreen;
			sourceTree = "<group>";
		};
		B8A0EC5D26188C8300A57562 /* Views */ = {
			isa = PBXGroup;
			children = (
				B8A0EC5E26188C8300A57562 /* SearchResultsViewController.swift */,
			);
			path = Views;
			sourceTree = "<group>";
		};
		B8A0EC8C2618BDE100A57562 /* Entity */ = {
			isa = PBXGroup;
			children = (
				B8A0EC8D2618BDEE00A57562 /* SearchResultModel.swift */,
			);
			path = Entity;
			sourceTree = "<group>";
		};
		B8A0EC982618D29600A57562 /* AdvancedSearchScreen */ = {
			isa = PBXGroup;
			children = (
				B8A0EC9F2618D29600A57562 /* Views */,
				B8A0ECA52618D29600A57562 /* Interactor */,
				B8A0EC9D2618D29600A57562 /* Presenter */,
				B8A0EC992618D29600A57562 /* Entity */,
				B8A0ECA72618D29600A57562 /* Router */,
				B8A0ECA32618D29600A57562 /* Protocols */,
				B8A0EC9B2618D29600A57562 /* Module */,
			);
			path = AdvancedSearchScreen;
			sourceTree = "<group>";
		};
		B8A0EC992618D29600A57562 /* Entity */ = {
			isa = PBXGroup;
			children = (
				B8A0EC9A2618D29600A57562 /* FilterModel.swift */,
			);
			path = Entity;
			sourceTree = "<group>";
		};
		B8A0EC9B2618D29600A57562 /* Module */ = {
			isa = PBXGroup;
			children = (
				B8A0EC9C2618D29600A57562 /* AdvancedSearchModule.swift */,
			);
			path = Module;
			sourceTree = "<group>";
		};
		B8A0EC9D2618D29600A57562 /* Presenter */ = {
			isa = PBXGroup;
			children = (
				B8A0EC9E2618D29600A57562 /* AdvancedSearchPresenter.swift */,
			);
			path = Presenter;
			sourceTree = "<group>";
		};
		B8A0EC9F2618D29600A57562 /* Views */ = {
			isa = PBXGroup;
			children = (
				B8A0ECB52618D2B500A57562 /* Cell */,
				B8A0ECA22618D29600A57562 /* AdvancedSearchViewController.swift */,
			);
			path = Views;
			sourceTree = "<group>";
		};
		B8A0ECA32618D29600A57562 /* Protocols */ = {
			isa = PBXGroup;
			children = (
				B8A0ECA42618D29600A57562 /* AdvancedSearchProtocols.swift */,
			);
			path = Protocols;
			sourceTree = "<group>";
		};
		B8A0ECA52618D29600A57562 /* Interactor */ = {
			isa = PBXGroup;
			children = (
				B8A0ECA62618D29600A57562 /* AdvancedSearchInteractor.swift */,
			);
			path = Interactor;
			sourceTree = "<group>";
		};
		B8A0ECA72618D29600A57562 /* Router */ = {
			isa = PBXGroup;
			children = (
				B8A0ECA82618D29600A57562 /* AdvancedSearchRouter.swift */,
			);
			path = Router;
			sourceTree = "<group>";
		};
		B8A0ECB52618D2B500A57562 /* Cell */ = {
			isa = PBXGroup;
			children = (
				B8A0ECA12618D29600A57562 /* FilterItemTableViewCell.swift */,
				B8A0ECA02618D29600A57562 /* FilterItemTableViewCell.xib */,
			);
			path = Cell;
			sourceTree = "<group>";
		};
		B8A0ECCA2619CBBF00A57562 /* AppRouter */ = {
			isa = PBXGroup;
			children = (
				B8A0EC2B2617B05B00A57562 /* AppNavigationHandler.swift */,
			);
			path = AppRouter;
			sourceTree = "<group>";
		};
		B8A0ECCB2619CBCA00A57562 /* FullScreenImageController */ = {
			isa = PBXGroup;
			children = (
				B8A0EC522617D4B900A57562 /* FullScreenImageViewController.swift */,
			);
			path = FullScreenImageController;
			sourceTree = "<group>";
		};
		B8A0ECCC2619CBDC00A57562 /* ImageTransition */ = {
			isa = PBXGroup;
			children = (
				B8A0EC4D2617D1A800A57562 /* ImageTransitionController.swift */,
			);
			path = ImageTransition;
			sourceTree = "<group>";
		};
		B8A0ECCD2619CBF100A57562 /* ImageDownloader */ = {
			isa = PBXGroup;
			children = (
				B8A0EC482617CFDC00A57562 /* ImageDownloadManager.swift */,
			);
			path = ImageDownloader;
			sourceTree = "<group>";
		};
		B8A0ECCE2619CC0D00A57562 /* CollectionViewFlowLayouts */ = {
			isa = PBXGroup;
			children = (
				B8A0EBCF2617967400A57562 /* ImageColumnFlowLayout.swift */,
			);
			path = CollectionViewFlowLayouts;
			sourceTree = "<group>";
		};
		B8A0ECD02619CC2C00A57562 /* AppExtensions */ = {
			isa = PBXGroup;
			children = (
				B8A0ECC52619CB8A00A57562 /* Extensions.swift */,
			);
			path = AppExtensions;
			sourceTree = "<group>";
		};
		B8A0ECDD2619EBA400A57562 /* BaseGridView */ = {
			isa = PBXGroup;
			children = (
				B8A0ECDE2619EBDD00A57562 /* GridImagesViewController.swift */,
				B8A0ECE62619ED3500A57562 /* GridImageesViewProtocol.swift */,
			);
			path = BaseGridView;
			sourceTree = "<group>";
		};
		B8A0ECEB261A04AD00A57562 /* Protocols */ = {
			isa = PBXGroup;
			children = (
				B8A0ECEE261A04E300A57562 /* SearchResultScreenProtocols.swift */,
			);
			path = Protocols;
			sourceTree = "<group>";
		};
		B8A0ECEC261A04B400A57562 /* Router */ = {
			isa = PBXGroup;
			children = (
				B8A0ECF6261A062900A57562 /* SearchResultRouter.swift */,
			);
			path = Router;
			sourceTree = "<group>";
		};
		B8A0ECED261A04BC00A57562 /* Interactor */ = {
			isa = PBXGroup;
			children = (
				B8A0ECFB261A07F800A57562 /* SearchResultInteractor.swift */,
			);
			path = Interactor;
			sourceTree = "<group>";
		};
		B8A0ED00261A092300A57562 /* Presenter */ = {
			isa = PBXGroup;
			children = (
				B8A0ED01261A093300A57562 /* SearchResultPresenter.swift */,
			);
			path = Presenter;
			sourceTree = "<group>";
		};
/* End PBXGroup section */

/* Begin PBXNativeTarget section */
		B8A0EB8C2617940600A57562 /* Unsplash */ = {
			isa = PBXNativeTarget;
			buildConfigurationList = B8A0EBB72617940700A57562 /* Build configuration list for PBXNativeTarget "Unsplash" */;
			buildPhases = (
				B8A0EB892617940600A57562 /* Sources */,
				B8A0EB8A2617940600A57562 /* Frameworks */,
				B8A0EB8B2617940600A57562 /* Resources */,
			);
			buildRules = (
			);
			dependencies = (
			);
			name = Unsplash;
			productName = Unsplash;
			productReference = B8A0EB8D2617940600A57562 /* Unsplash.app */;
			productType = "com.apple.product-type.application";
		};
		B8A0EBA22617940700A57562 /* UnsplashTests */ = {
			isa = PBXNativeTarget;
			buildConfigurationList = B8A0EBBA2617940700A57562 /* Build configuration list for PBXNativeTarget "UnsplashTests" */;
			buildPhases = (
				B8A0EB9F2617940700A57562 /* Sources */,
				B8A0EBA02617940700A57562 /* Frameworks */,
				B8A0EBA12617940700A57562 /* Resources */,
			);
			buildRules = (
			);
			dependencies = (
				B8A0EBA52617940700A57562 /* PBXTargetDependency */,
			);
			name = UnsplashTests;
			productName = UnsplashTests;
			productReference = B8A0EBA32617940700A57562 /* UnsplashTests.xctest */;
			productType = "com.apple.product-type.bundle.unit-test";
		};
		B8A0EBAD2617940700A57562 /* UnsplashUITests */ = {
			isa = PBXNativeTarget;
			buildConfigurationList = B8A0EBBD2617940700A57562 /* Build configuration list for PBXNativeTarget "UnsplashUITests" */;
			buildPhases = (
				B8A0EBAA2617940700A57562 /* Sources */,
				B8A0EBAB2617940700A57562 /* Frameworks */,
				B8A0EBAC2617940700A57562 /* Resources */,
			);
			buildRules = (
			);
			dependencies = (
				B8A0EBB02617940700A57562 /* PBXTargetDependency */,
			);
			name = UnsplashUITests;
			productName = UnsplashUITests;
			productReference = B8A0EBAE2617940700A57562 /* UnsplashUITests.xctest */;
			productType = "com.apple.product-type.bundle.ui-testing";
		};
/* End PBXNativeTarget section */

/* Begin PBXProject section */
		B8A0EB852617940600A57562 /* Project object */ = {
			isa = PBXProject;
			attributes = {
				LastSwiftUpdateCheck = 1240;
				LastUpgradeCheck = 1240;
				TargetAttributes = {
					B8A0EB8C2617940600A57562 = {
						CreatedOnToolsVersion = 12.4;
					};
					B8A0EBA22617940700A57562 = {
						CreatedOnToolsVersion = 12.4;
						TestTargetID = B8A0EB8C2617940600A57562;
					};
					B8A0EBAD2617940700A57562 = {
						CreatedOnToolsVersion = 12.4;
						TestTargetID = B8A0EB8C2617940600A57562;
					};
				};
			};
			buildConfigurationList = B8A0EB882617940600A57562 /* Build configuration list for PBXProject "Unsplash" */;
			compatibilityVersion = "Xcode 9.3";
			developmentRegion = en;
			hasScannedForEncodings = 0;
			knownRegions = (
				en,
				Base,
			);
			mainGroup = B8A0EB842617940600A57562;
			productRefGroup = B8A0EB8E2617940600A57562 /* Products */;
			projectDirPath = "";
			projectRoot = "";
			targets = (
				B8A0EB8C2617940600A57562 /* Unsplash */,
				B8A0EBA22617940700A57562 /* UnsplashTests */,
				B8A0EBAD2617940700A57562 /* UnsplashUITests */,
			);
		};
/* End PBXProject section */

/* Begin PBXResourcesBuildPhase section */
		B8A0EB8B2617940600A57562 /* Resources */ = {
			isa = PBXResourcesBuildPhase;
			buildActionMask = 2147483647;
			files = (
				B8A0EC2026179E0D00A57562 /* SearchBarCollectionReusableView.xib in Resources */,
				B8A0EB9D2617940700A57562 /* LaunchScreen.storyboard in Resources */,
				B8A0ECAC2618D29600A57562 /* FilterItemTableViewCell.xib in Resources */,
				B8A0EB9A2617940700A57562 /* Assets.xcassets in Resources */,
				B8A0EC1726179DA900A57562 /* ImageCollectionViewCell.xib in Resources */,
				B8A0EB982617940600A57562 /* Main.storyboard in Resources */,
			);
			runOnlyForDeploymentPostprocessing = 0;
		};
		B8A0EBA12617940700A57562 /* Resources */ = {
			isa = PBXResourcesBuildPhase;
			buildActionMask = 2147483647;
			files = (
			);
			runOnlyForDeploymentPostprocessing = 0;
		};
		B8A0EBAC2617940700A57562 /* Resources */ = {
			isa = PBXResourcesBuildPhase;
			buildActionMask = 2147483647;
			files = (
			);
			runOnlyForDeploymentPostprocessing = 0;
		};
/* End PBXResourcesBuildPhase section */

/* Begin PBXSourcesBuildPhase section */
		B8A0EB892617940600A57562 /* Sources */ = {
			isa = PBXSourcesBuildPhase;
			buildActionMask = 2147483647;
			files = (
				B8A0ECAE2618D29600A57562 /* AdvancedSearchViewController.swift in Sources */,
				B8A0EBE12617967400A57562 /* ImageColumnFlowLayout.swift in Sources */,
				B8A0ECEF261A04E300A57562 /* SearchResultScreenProtocols.swift in Sources */,
				B8A0EBE02617967400A57562 /* HomeScreenPresenter.swift in Sources */,
				B8A0ED02261A093300A57562 /* SearchResultPresenter.swift in Sources */,
				B8A0ECB02618D29600A57562 /* AdvancedSearchInteractor.swift in Sources */,
				B8A0ECA92618D29600A57562 /* FilterModel.swift in Sources */,
				B8A0ECAA2618D29600A57562 /* AdvancedSearchModule.swift in Sources */,
				B8A0ECDF2619EBDD00A57562 /* GridImagesViewController.swift in Sources */,
				B8A0EBFE26179B1100A57562 /* AppConstants.swift in Sources */,
				B8A0ECF7261A062900A57562 /* SearchResultRouter.swift in Sources */,
				B8A0ECE72619ED3500A57562 /* GridImageesViewProtocol.swift in Sources */,
				B8A0ECAD2618D29600A57562 /* FilterItemTableViewCell.swift in Sources */,
				B8A0EC2126179E0D00A57562 /* SearchBarCollectionReusableView.swift in Sources */,
				B8A0EBE52617967400A57562 /* HomeViewController.swift in Sources */,
				B8A0EC8E2618BDEE00A57562 /* SearchResultModel.swift in Sources */,
				B8A0EBEB2617967400A57562 /* HomeScreenRouter.swift in Sources */,
				B8A0ECAF2618D29600A57562 /* AdvancedSearchProtocols.swift in Sources */,
				B8A0ECAB2618D29600A57562 /* AdvancedSearchPresenter.swift in Sources */,
				B8A0EC1626179DA900A57562 /* ImageCollectionViewCell.swift in Sources */,
				B8A0EC352617B49100A57562 /* WebserviceHelper.swift in Sources */,
				B8A0EC2C2617B05B00A57562 /* AppNavigationHandler.swift in Sources */,
				B8A0EB912617940600A57562 /* AppDelegate.swift in Sources */,
				B8A0EC492617CFDC00A57562 /* ImageDownloadManager.swift in Sources */,
				B8A0EB932617940600A57562 /* SceneDelegate.swift in Sources */,
				B8A0EBDE2617967400A57562 /* ImageModel.swift in Sources */,
				B8A0EBE92617967400A57562 /* HomeScreenProtocols.swift in Sources */,
				B8A0EBEA2617967400A57562 /* HomeScreenInteractor.swift in Sources */,
				B8A0ECC62619CB8A00A57562 /* Extensions.swift in Sources */,
				B8A0ECB12618D29600A57562 /* AdvancedSearchRouter.swift in Sources */,
				B8A0EC4E2617D1A800A57562 /* ImageTransitionController.swift in Sources */,
				B8A0EC532617D4B900A57562 /* FullScreenImageViewController.swift in Sources */,
				B8A0EC6726188C8400A57562 /* SearchResultsViewController.swift in Sources */,
				B8A0ECFC261A07F800A57562 /* SearchResultInteractor.swift in Sources */,
			);
			runOnlyForDeploymentPostprocessing = 0;
		};
		B8A0EB9F2617940700A57562 /* Sources */ = {
			isa = PBXSourcesBuildPhase;
			buildActionMask = 2147483647;
			files = (
				B8A0EBA82617940700A57562 /* UnsplashTests.swift in Sources */,
			);
			runOnlyForDeploymentPostprocessing = 0;
		};
		B8A0EBAA2617940700A57562 /* Sources */ = {
			isa = PBXSourcesBuildPhase;
			buildActionMask = 2147483647;
			files = (
				B8A0EBB32617940700A57562 /* UnsplashUITests.swift in Sources */,
			);
			runOnlyForDeploymentPostprocessing = 0;
		};
/* End PBXSourcesBuildPhase section */

/* Begin PBXTargetDependency section */
		B8A0EBA52617940700A57562 /* PBXTargetDependency */ = {
			isa = PBXTargetDependency;
			target = B8A0EB8C2617940600A57562 /* Unsplash */;
			targetProxy = B8A0EBA42617940700A57562 /* PBXContainerItemProxy */;
		};
		B8A0EBB02617940700A57562 /* PBXTargetDependency */ = {
			isa = PBXTargetDependency;
			target = B8A0EB8C2617940600A57562 /* Unsplash */;
			targetProxy = B8A0EBAF2617940700A57562 /* PBXContainerItemProxy */;
		};
/* End PBXTargetDependency section */

/* Begin PBXVariantGroup section */
		B8A0EB962617940600A57562 /* Main.storyboard */ = {
			isa = PBXVariantGroup;
			children = (
				B8A0EB972617940600A57562 /* Base */,
			);
			name = Main.storyboard;
			sourceTree = "<group>";
		};
		B8A0EB9B2617940700A57562 /* LaunchScreen.storyboard */ = {
			isa = PBXVariantGroup;
			children = (
				B8A0EB9C2617940700A57562 /* Base */,
			);
			name = LaunchScreen.storyboard;
			sourceTree = "<group>";
		};
/* End PBXVariantGroup section */

/* Begin XCBuildConfiguration section */
		B8A0EBB52617940700A57562 /* Debug */ = {
			isa = XCBuildConfiguration;
			buildSettings = {
				ALWAYS_SEARCH_USER_PATHS = NO;
				CLANG_ANALYZER_NONNULL = YES;
				CLANG_ANALYZER_NUMBER_OBJECT_CONVERSION = YES_AGGRESSIVE;
				CLANG_CXX_LANGUAGE_STANDARD = "gnu++14";
				CLANG_CXX_LIBRARY = "libc++";
				CLANG_ENABLE_MODULES = YES;
				CLANG_ENABLE_OBJC_ARC = YES;
				CLANG_ENABLE_OBJC_WEAK = YES;
				CLANG_WARN_BLOCK_CAPTURE_AUTORELEASING = YES;
				CLANG_WARN_BOOL_CONVERSION = YES;
				CLANG_WARN_COMMA = YES;
				CLANG_WARN_CONSTANT_CONVERSION = YES;
				CLANG_WARN_DEPRECATED_OBJC_IMPLEMENTATIONS = YES;
				CLANG_WARN_DIRECT_OBJC_ISA_USAGE = YES_ERROR;
				CLANG_WARN_DOCUMENTATION_COMMENTS = YES;
				CLANG_WARN_EMPTY_BODY = YES;
				CLANG_WARN_ENUM_CONVERSION = YES;
				CLANG_WARN_INFINITE_RECURSION = YES;
				CLANG_WARN_INT_CONVERSION = YES;
				CLANG_WARN_NON_LITERAL_NULL_CONVERSION = YES;
				CLANG_WARN_OBJC_IMPLICIT_RETAIN_SELF = YES;
				CLANG_WARN_OBJC_LITERAL_CONVERSION = YES;
				CLANG_WARN_OBJC_ROOT_CLASS = YES_ERROR;
				CLANG_WARN_QUOTED_INCLUDE_IN_FRAMEWORK_HEADER = YES;
				CLANG_WARN_RANGE_LOOP_ANALYSIS = YES;
				CLANG_WARN_STRICT_PROTOTYPES = YES;
				CLANG_WARN_SUSPICIOUS_MOVE = YES;
				CLANG_WARN_UNGUARDED_AVAILABILITY = YES_AGGRESSIVE;
				CLANG_WARN_UNREACHABLE_CODE = YES;
				CLANG_WARN__DUPLICATE_METHOD_MATCH = YES;
				COPY_PHASE_STRIP = NO;
				DEBUG_INFORMATION_FORMAT = dwarf;
				ENABLE_STRICT_OBJC_MSGSEND = YES;
				ENABLE_TESTABILITY = YES;
				GCC_C_LANGUAGE_STANDARD = gnu11;
				GCC_DYNAMIC_NO_PIC = NO;
				GCC_NO_COMMON_BLOCKS = YES;
				GCC_OPTIMIZATION_LEVEL = 0;
				GCC_PREPROCESSOR_DEFINITIONS = (
					"DEBUG=1",
					"$(inherited)",
				);
				GCC_WARN_64_TO_32_BIT_CONVERSION = YES;
				GCC_WARN_ABOUT_RETURN_TYPE = YES_ERROR;
				GCC_WARN_UNDECLARED_SELECTOR = YES;
				GCC_WARN_UNINITIALIZED_AUTOS = YES_AGGRESSIVE;
				GCC_WARN_UNUSED_FUNCTION = YES;
				GCC_WARN_UNUSED_VARIABLE = YES;
				IPHONEOS_DEPLOYMENT_TARGET = 14.4;
				MTL_ENABLE_DEBUG_INFO = INCLUDE_SOURCE;
				MTL_FAST_MATH = YES;
				ONLY_ACTIVE_ARCH = YES;
				SDKROOT = iphoneos;
				SWIFT_ACTIVE_COMPILATION_CONDITIONS = DEBUG;
				SWIFT_OPTIMIZATION_LEVEL = "-Onone";
			};
			name = Debug;
		};
		B8A0EBB62617940700A57562 /* Release */ = {
			isa = XCBuildConfiguration;
			buildSettings = {
				ALWAYS_SEARCH_USER_PATHS = NO;
				CLANG_ANALYZER_NONNULL = YES;
				CLANG_ANALYZER_NUMBER_OBJECT_CONVERSION = YES_AGGRESSIVE;
				CLANG_CXX_LANGUAGE_STANDARD = "gnu++14";
				CLANG_CXX_LIBRARY = "libc++";
				CLANG_ENABLE_MODULES = YES;
				CLANG_ENABLE_OBJC_ARC = YES;
				CLANG_ENABLE_OBJC_WEAK = YES;
				CLANG_WARN_BLOCK_CAPTURE_AUTORELEASING = YES;
				CLANG_WARN_BOOL_CONVERSION = YES;
				CLANG_WARN_COMMA = YES;
				CLANG_WARN_CONSTANT_CONVERSION = YES;
				CLANG_WARN_DEPRECATED_OBJC_IMPLEMENTATIONS = YES;
				CLANG_WARN_DIRECT_OBJC_ISA_USAGE = YES_ERROR;
				CLANG_WARN_DOCUMENTATION_COMMENTS = YES;
				CLANG_WARN_EMPTY_BODY = YES;
				CLANG_WARN_ENUM_CONVERSION = YES;
				CLANG_WARN_INFINITE_RECURSION = YES;
				CLANG_WARN_INT_CONVERSION = YES;
				CLANG_WARN_NON_LITERAL_NULL_CONVERSION = YES;
				CLANG_WARN_OBJC_IMPLICIT_RETAIN_SELF = YES;
				CLANG_WARN_OBJC_LITERAL_CONVERSION = YES;
				CLANG_WARN_OBJC_ROOT_CLASS = YES_ERROR;
				CLANG_WARN_QUOTED_INCLUDE_IN_FRAMEWORK_HEADER = YES;
				CLANG_WARN_RANGE_LOOP_ANALYSIS = YES;
				CLANG_WARN_STRICT_PROTOTYPES = YES;
				CLANG_WARN_SUSPICIOUS_MOVE = YES;
				CLANG_WARN_UNGUARDED_AVAILABILITY = YES_AGGRESSIVE;
				CLANG_WARN_UNREACHABLE_CODE = YES;
				CLANG_WARN__DUPLICATE_METHOD_MATCH = YES;
				COPY_PHASE_STRIP = NO;
				DEBUG_INFORMATION_FORMAT = "dwarf-with-dsym";
				ENABLE_NS_ASSERTIONS = NO;
				ENABLE_STRICT_OBJC_MSGSEND = YES;
				GCC_C_LANGUAGE_STANDARD = gnu11;
				GCC_NO_COMMON_BLOCKS = YES;
				GCC_WARN_64_TO_32_BIT_CONVERSION = YES;
				GCC_WARN_ABOUT_RETURN_TYPE = YES_ERROR;
				GCC_WARN_UNDECLARED_SELECTOR = YES;
				GCC_WARN_UNINITIALIZED_AUTOS = YES_AGGRESSIVE;
				GCC_WARN_UNUSED_FUNCTION = YES;
				GCC_WARN_UNUSED_VARIABLE = YES;
				IPHONEOS_DEPLOYMENT_TARGET = 14.4;
				MTL_ENABLE_DEBUG_INFO = NO;
				MTL_FAST_MATH = YES;
				SDKROOT = iphoneos;
				SWIFT_COMPILATION_MODE = wholemodule;
				SWIFT_OPTIMIZATION_LEVEL = "-O";
				VALIDATE_PRODUCT = YES;
			};
			name = Release;
		};
		B8A0EBB82617940700A57562 /* Debug */ = {
			isa = XCBuildConfiguration;
			buildSettings = {
				ASSETCATALOG_COMPILER_APPICON_NAME = AppIcon;
				ASSETCATALOG_COMPILER_GLOBAL_ACCENT_COLOR_NAME = AccentColor;
				CODE_SIGN_STYLE = Automatic;
				DEVELOPMENT_TEAM = K25CW8MW27;
				INFOPLIST_FILE = Unsplash/Info.plist;
				LD_RUNPATH_SEARCH_PATHS = (
					"$(inherited)",
					"@executable_path/Frameworks",
				);
				PRODUCT_BUNDLE_IDENTIFIER = com.colearn.Unsplash;
				PRODUCT_NAME = "$(TARGET_NAME)";
				SWIFT_VERSION = 5.0;
				TARGETED_DEVICE_FAMILY = "1,2";
			};
			name = Debug;
		};
		B8A0EBB92617940700A57562 /* Release */ = {
			isa = XCBuildConfiguration;
			buildSettings = {
				ASSETCATALOG_COMPILER_APPICON_NAME = AppIcon;
				ASSETCATALOG_COMPILER_GLOBAL_ACCENT_COLOR_NAME = AccentColor;
				CODE_SIGN_STYLE = Automatic;
				DEVELOPMENT_TEAM = K25CW8MW27;
				INFOPLIST_FILE = Unsplash/Info.plist;
				LD_RUNPATH_SEARCH_PATHS = (
					"$(inherited)",
					"@executable_path/Frameworks",
				);
				PRODUCT_BUNDLE_IDENTIFIER = com.colearn.Unsplash;
				PRODUCT_NAME = "$(TARGET_NAME)";
				SWIFT_VERSION = 5.0;
				TARGETED_DEVICE_FAMILY = "1,2";
			};
			name = Release;
		};
		B8A0EBBB2617940700A57562 /* Debug */ = {
			isa = XCBuildConfiguration;
			buildSettings = {
				ALWAYS_EMBED_SWIFT_STANDARD_LIBRARIES = YES;
				BUNDLE_LOADER = "$(TEST_HOST)";
				CODE_SIGN_STYLE = Automatic;
				DEVELOPMENT_TEAM = K25CW8MW27;
				INFOPLIST_FILE = UnsplashTests/Info.plist;
				IPHONEOS_DEPLOYMENT_TARGET = 14.4;
				LD_RUNPATH_SEARCH_PATHS = (
					"$(inherited)",
					"@executable_path/Frameworks",
					"@loader_path/Frameworks",
				);
				PRODUCT_BUNDLE_IDENTIFIER = com.colearn.UnsplashTests;
				PRODUCT_NAME = "$(TARGET_NAME)";
				SWIFT_VERSION = 5.0;
				TARGETED_DEVICE_FAMILY = "1,2";
				TEST_HOST = "$(BUILT_PRODUCTS_DIR)/Unsplash.app/Unsplash";
			};
			name = Debug;
		};
		B8A0EBBC2617940700A57562 /* Release */ = {
			isa = XCBuildConfiguration;
			buildSettings = {
				ALWAYS_EMBED_SWIFT_STANDARD_LIBRARIES = YES;
				BUNDLE_LOADER = "$(TEST_HOST)";
				CODE_SIGN_STYLE = Automatic;
				DEVELOPMENT_TEAM = K25CW8MW27;
				INFOPLIST_FILE = UnsplashTests/Info.plist;
				IPHONEOS_DEPLOYMENT_TARGET = 14.4;
				LD_RUNPATH_SEARCH_PATHS = (
					"$(inherited)",
					"@executable_path/Frameworks",
					"@loader_path/Frameworks",
				);
				PRODUCT_BUNDLE_IDENTIFIER = com.colearn.UnsplashTests;
				PRODUCT_NAME = "$(TARGET_NAME)";
				SWIFT_VERSION = 5.0;
				TARGETED_DEVICE_FAMILY = "1,2";
				TEST_HOST = "$(BUILT_PRODUCTS_DIR)/Unsplash.app/Unsplash";
			};
			name = Release;
		};
		B8A0EBBE2617940700A57562 /* Debug */ = {
			isa = XCBuildConfiguration;
			buildSettings = {
				ALWAYS_EMBED_SWIFT_STANDARD_LIBRARIES = YES;
				CODE_SIGN_STYLE = Automatic;
				DEVELOPMENT_TEAM = K25CW8MW27;
				INFOPLIST_FILE = UnsplashUITests/Info.plist;
				LD_RUNPATH_SEARCH_PATHS = (
					"$(inherited)",
					"@executable_path/Frameworks",
					"@loader_path/Frameworks",
				);
				PRODUCT_BUNDLE_IDENTIFIER = com.colearn.UnsplashUITests;
				PRODUCT_NAME = "$(TARGET_NAME)";
				SWIFT_VERSION = 5.0;
				TARGETED_DEVICE_FAMILY = "1,2";
				TEST_TARGET_NAME = Unsplash;
			};
			name = Debug;
		};
		B8A0EBBF2617940700A57562 /* Release */ = {
			isa = XCBuildConfiguration;
			buildSettings = {
				ALWAYS_EMBED_SWIFT_STANDARD_LIBRARIES = YES;
				CODE_SIGN_STYLE = Automatic;
				DEVELOPMENT_TEAM = K25CW8MW27;
				INFOPLIST_FILE = UnsplashUITests/Info.plist;
				LD_RUNPATH_SEARCH_PATHS = (
					"$(inherited)",
					"@executable_path/Frameworks",
					"@loader_path/Frameworks",
				);
				PRODUCT_BUNDLE_IDENTIFIER = com.colearn.UnsplashUITests;
				PRODUCT_NAME = "$(TARGET_NAME)";
				SWIFT_VERSION = 5.0;
				TARGETED_DEVICE_FAMILY = "1,2";
				TEST_TARGET_NAME = Unsplash;
			};
			name = Release;
		};
/* End XCBuildConfiguration section */

/* Begin XCConfigurationList section */
		B8A0EB882617940600A57562 /* Build configuration list for PBXProject "Unsplash" */ = {
			isa = XCConfigurationList;
			buildConfigurations = (
				B8A0EBB52617940700A57562 /* Debug */,
				B8A0EBB62617940700A57562 /* Release */,
			);
			defaultConfigurationIsVisible = 0;
			defaultConfigurationName = Release;
		};
		B8A0EBB72617940700A57562 /* Build configuration list for PBXNativeTarget "Unsplash" */ = {
			isa = XCConfigurationList;
			buildConfigurations = (
				B8A0EBB82617940700A57562 /* Debug */,
				B8A0EBB92617940700A57562 /* Release */,
			);
			defaultConfigurationIsVisible = 0;
			defaultConfigurationName = Release;
		};
		B8A0EBBA2617940700A57562 /* Build configuration list for PBXNativeTarget "UnsplashTests" */ = {
			isa = XCConfigurationList;
			buildConfigurations = (
				B8A0EBBB2617940700A57562 /* Debug */,
				B8A0EBBC2617940700A57562 /* Release */,
			);
			defaultConfigurationIsVisible = 0;
			defaultConfigurationName = Release;
		};
		B8A0EBBD2617940700A57562 /* Build configuration list for PBXNativeTarget "UnsplashUITests" */ = {
			isa = XCConfigurationList;
			buildConfigurations = (
				B8A0EBBE2617940700A57562 /* Debug */,
				B8A0EBBF2617940700A57562 /* Release */,
			);
			defaultConfigurationIsVisible = 0;
			defaultConfigurationName = Release;
		};
/* End XCConfigurationList section */
	};
	rootObject = B8A0EB852617940600A57562 /* Project object */;
}
